
Microsoft Visual Studio Solution File, Format Version 12.00
# Visual Studio Version 16
VisualStudioVersion = 16.0.30717.126
MinimumVisualStudioVersion = 10.0.40219.1
Project("{9A19103F-16F7-4668-BE54-9A1E7A4F7556}") = "EarthTool.Common", "EarthTool.Common\EarthTool.Common.csproj", "{F353FC63-CA5A-4919-B562-FF2CC406AE86}"
EndProject
Project("{9A19103F-16F7-4668-BE54-9A1E7A4F7556}") = "EarthTool.WD", "EarthTool.WD\EarthTool.WD.csproj", "{DDC4E9E6-CE26-4D59-B27B-919659EC41C9}"
EndProject
Project("{9A19103F-16F7-4668-BE54-9A1E7A4F7556}") = "EarthTool.TEX", "EarthTool.TEX\EarthTool.TEX.csproj", "{AF0208EA-3611-492C-AC25-2B47B2A34861}"
EndProject
Project("{9A19103F-16F7-4668-BE54-9A1E7A4F7556}") = "EarthTool.MSH", "EarthTool.MSH\EarthTool.MSH.csproj", "{4BEEF666-5D76-44B0-8991-37B4522EE3EA}"
EndProject
Project("{9A19103F-16F7-4668-BE54-9A1E7A4F7556}") = "EarthTool.MSH.Converters.Wavefront", "EarthTool.MSH.Converters.Wavefront\EarthTool.MSH.Converters.Wavefront.csproj", "{0AF4389F-48D2-4BD2-9904-892197C058E6}"
EndProject
Project("{9A19103F-16F7-4668-BE54-9A1E7A4F7556}") = "EarthTool.MSH.Converters.Collada", "EarthTool.MSH.Converters.Collada\EarthTool.MSH.Converters.Collada.csproj", "{A83F829D-F129-4C6A-863C-566A5A0E20BD}"
EndProject
Project("{2150E333-8FDC-42A3-9474-1A3956D46DE8}") = "Solution Items", "Solution Items", "{8E6FFE2A-1B4D-4837-956D-358257981E2C}"
	ProjectSection(SolutionItems) = preProject
		.editorconfig = .editorconfig
	EndProjectSection
EndProject
Project("{9A19103F-16F7-4668-BE54-9A1E7A4F7556}") = "EarthTool.CLI", "EarthTool.CLI\EarthTool.CLI.csproj", "{1C8BF83D-8899-4F05-9B12-55051D060E80}"
EndProject
Project("{FAE04EC0-301F-11D3-BF4B-00C04F79EFBC}") = "EarthTool.GUI", "EarthTool.GUI\EarthTool.GUI.csproj", "{11563F43-808D-417E-BEA7-47FCC304C291}"
EndProject
Global
	GlobalSection(SolutionConfigurationPlatforms) = preSolution
		Debug|Any CPU = Debug|Any CPU
		Release|Any CPU = Release|Any CPU
	EndGlobalSection
	GlobalSection(ProjectConfigurationPlatforms) = postSolution
		{F353FC63-CA5A-4919-B562-FF2CC406AE86}.Debug|Any CPU.ActiveCfg = Debug|Any CPU
		{F353FC63-CA5A-4919-B562-FF2CC406AE86}.Debug|Any CPU.Build.0 = Debug|Any CPU
		{F353FC63-CA5A-4919-B562-FF2CC406AE86}.Release|Any CPU.ActiveCfg = Release|Any CPU
		{F353FC63-CA5A-4919-B562-FF2CC406AE86}.Release|Any CPU.Build.0 = Release|Any CPU
		{DDC4E9E6-CE26-4D59-B27B-919659EC41C9}.Debug|Any CPU.ActiveCfg = Debug|Any CPU
		{DDC4E9E6-CE26-4D59-B27B-919659EC41C9}.Debug|Any CPU.Build.0 = Debug|Any CPU
		{DDC4E9E6-CE26-4D59-B27B-919659EC41C9}.Release|Any CPU.ActiveCfg = Release|Any CPU
		{DDC4E9E6-CE26-4D59-B27B-919659EC41C9}.Release|Any CPU.Build.0 = Release|Any CPU
		{AF0208EA-3611-492C-AC25-2B47B2A34861}.Debug|Any CPU.ActiveCfg = Debug|Any CPU
		{AF0208EA-3611-492C-AC25-2B47B2A34861}.Debug|Any CPU.Build.0 = Debug|Any CPU
		{AF0208EA-3611-492C-AC25-2B47B2A34861}.Release|Any CPU.ActiveCfg = Release|Any CPU
		{AF0208EA-3611-492C-AC25-2B47B2A34861}.Release|Any CPU.Build.0 = Release|Any CPU
		{4BEEF666-5D76-44B0-8991-37B4522EE3EA}.Debug|Any CPU.ActiveCfg = Debug|Any CPU
		{4BEEF666-5D76-44B0-8991-37B4522EE3EA}.Debug|Any CPU.Build.0 = Debug|Any CPU
		{4BEEF666-5D76-44B0-8991-37B4522EE3EA}.Release|Any CPU.ActiveCfg = Release|Any CPU
		{4BEEF666-5D76-44B0-8991-37B4522EE3EA}.Release|Any CPU.Build.0 = Release|Any CPU
		{0AF4389F-48D2-4BD2-9904-892197C058E6}.Debug|Any CPU.ActiveCfg = Debug|Any CPU
		{0AF4389F-48D2-4BD2-9904-892197C058E6}.Debug|Any CPU.Build.0 = Debug|Any CPU
		{0AF4389F-48D2-4BD2-9904-892197C058E6}.Release|Any CPU.ActiveCfg = Release|Any CPU
		{0AF4389F-48D2-4BD2-9904-892197C058E6}.Release|Any CPU.Build.0 = Release|Any CPU
		{A83F829D-F129-4C6A-863C-566A5A0E20BD}.Debug|Any CPU.ActiveCfg = Debug|Any CPU
		{A83F829D-F129-4C6A-863C-566A5A0E20BD}.Debug|Any CPU.Build.0 = Debug|Any CPU
		{A83F829D-F129-4C6A-863C-566A5A0E20BD}.Release|Any CPU.ActiveCfg = Release|Any CPU
		{A83F829D-F129-4C6A-863C-566A5A0E20BD}.Release|Any CPU.Build.0 = Release|Any CPU
		{1C8BF83D-8899-4F05-9B12-55051D060E80}.Debug|Any CPU.ActiveCfg = Debug|Any CPU
		{1C8BF83D-8899-4F05-9B12-55051D060E80}.Debug|Any CPU.Build.0 = Debug|Any CPU
		{1C8BF83D-8899-4F05-9B12-55051D060E80}.Release|Any CPU.ActiveCfg = Release|Any CPU
		{1C8BF83D-8899-4F05-9B12-55051D060E80}.Release|Any CPU.Build.0 = Release|Any CPU
		{11563F43-808D-417E-BEA7-47FCC304C291}.Debug|Any CPU.ActiveCfg = Debug|Any CPU
		{11563F43-808D-417E-BEA7-47FCC304C291}.Debug|Any CPU.Build.0 = Debug|Any CPU
		{11563F43-808D-417E-BEA7-47FCC304C291}.Release|Any CPU.ActiveCfg = Release|Any CPU
		{11563F43-808D-417E-BEA7-47FCC304C291}.Release|Any CPU.Build.0 = Release|Any CPU
	EndGlobalSection
	GlobalSection(SolutionProperties) = preSolution
		HideSolutionNode = FALSE
	EndGlobalSection
	GlobalSection(ExtensibilityGlobals) = postSolution
		SolutionGuid = {4470716C-1984-4EC0-BD2F-5F6C4DFEF233}
	EndGlobalSection
EndGlobal
