{
  "name": "earthtool-test-tools",
  "lockfileVersion": 3,
  "requires": true,
  "packages": {
    "": {
      "name": "earthtool-test-tools",
      "devDependencies": {
        "gltf-validator": "2.0.0-dev.3.10"
      }
    },
    "node_modules/gltf-validator": {
      "version": "2.0.0-dev.3.10",
      "resolved": "https://registry.npmjs.org/gltf-validator/-/gltf-validator-2.0.0-dev.3.10.tgz",
      "integrity": "sha512-odJ4k0tRkGXiDGn78yDBg+fBbAIvBnXxh3RwAta0emSxGtyagFE8B4xELB1oYe3S5RD8Ci3uZAsZaascH2LAEQ==",
      "dev": true,
      "license": "Apache-2.0"
    }
  }
}
